// !$*UTF8*$!
{
	archiveVersion = 1;
	classes = {
	};
	objectVersion = 50;
	objects = {

/* Begin PBXBuildFile section */
		4122CD5F225B255100215058 /* AppDelegate.swift in Sources */ = {isa = PBXBuildFile; fileRef = 4122CD5E225B255100215058 /* AppDelegate.swift */; };
		4122CD61225B255100215058 /* ViewController.swift in Sources */ = {isa = PBXBuildFile; fileRef = 4122CD60225B255100215058 /* ViewController.swift */; };
		4122CD64225B255100215058 /* Main.storyboard in Resources */ = {isa = PBXBuildFile; fileRef = 4122CD62225B255100215058 /* Main.storyboard */; };
		4122CD66225B255400215058 /* Assets.xcassets in Resources */ = {isa = PBXBuildFile; fileRef = 4122CD65225B255400215058 /* Assets.xcassets */; };
		4122CD69225B255400215058 /* LaunchScreen.storyboard in Resources */ = {isa = PBXBuildFile; fileRef = 4122CD67225B255400215058 /* LaunchScreen.storyboard */; };
		4122CD74225B255400215058 /* GitRepoTests.swift in Sources */ = {isa = PBXBuildFile; fileRef = 4122CD73225B255400215058 /* GitRepoTests.swift */; };
		4122CD7F225B280100215058 /* MapForItinerary.swift in Sources */ = {isa = PBXBuildFile; fileRef = 4122CD7E225B280100215058 /* MapForItinerary.swift */; };
/* End PBXBuildFile section */

/* Begin PBXContainerItemProxy section */
		4122CD70225B255400215058 /* PBXContainerItemProxy */ = {
			isa = PBXContainerItemProxy;
			containerPortal = 4122CD53225B255100215058 /* Project object */;
			proxyType = 1;
			remoteGlobalIDString = 4122CD5A225B255100215058;
			remoteInfo = GitRepo;
		};
/* End PBXContainerItemProxy section */

/* Begin PBXFileReference section */
		4122CD5B225B255100215058 /* GitRepo.app */ = {isa = PBXFileReference; explicitFileType = wrapper.application; includeInIndex = 0; path = GitRepo.app; sourceTree = BUILT_PRODUCTS_DIR; };
		4122CD5E225B255100215058 /* AppDelegate.swift */ = {isa = PBXFileReference; lastKnownFileType = sourcecode.swift; path = AppDelegate.swift; sourceTree = "<group>"; };
		4122CD60225B255100215058 /* ViewController.swift */ = {isa = PBXFileReference; lastKnownFileType = sourcecode.swift; path = ViewController.swift; sourceTree = "<group>"; };
		4122CD63225B255100215058 /* Base */ = {isa = PBXFileReference; lastKnownFileType = file.storyboard; name = Base; path = Base.lproj/Main.storyboard; sourceTree = "<group>"; };
		4122CD65225B255400215058 /* Assets.xcassets */ = {isa = PBXFileReference; lastKnownFileType = folder.assetcatalog; path = Assets.xcassets; sourceTree = "<group>"; };
		4122CD68225B255400215058 /* Base */ = {isa = PBXFileReference; lastKnownFileType = file.storyboard; name = Base; path = Base.lproj/LaunchScreen.storyboard; sourceTree = "<group>"; };
		4122CD6A225B255400215058 /* Info.plist */ = {isa = PBXFileReference; lastKnownFileType = text.plist.xml; path = Info.plist; sourceTree = "<group>"; };
		4122CD6F225B255400215058 /* GitRepoTests.xctest */ = {isa = PBXFileReference; explicitFileType = wrapper.cfbundle; includeInIndex = 0; path = GitRepoTests.xctest; sourceTree = BUILT_PRODUCTS_DIR; };
		4122CD73225B255400215058 /* GitRepoTests.swift */ = {isa = PBXFileReference; lastKnownFileType = sourcecode.swift; path = GitRepoTests.swift; sourceTree = "<group>"; };
		4122CD75225B255400215058 /* Info.plist */ = {isa = PBXFileReference; lastKnownFileType = text.plist.xml; path = Info.plist; sourceTree = "<group>"; };
		4122CD7E225B280100215058 /* MapForItinerary.swift */ = {isa = PBXFileReference; lastKnownFileType = sourcecode.swift; path = MapForItinerary.swift; sourceTree = "<group>"; };
/* End PBXFileReference section */

/* Begin PBXFrameworksBuildPhase section */
		4122CD58225B255100215058 /* Frameworks */ = {
			isa = PBXFrameworksBuildPhase;
			buildActionMask = 2147483647;
			files = (
			);
			runOnlyForDeploymentPostprocessing = 0;
		};
		4122CD6C225B255400215058 /* Frameworks */ = {
			isa = PBXFrameworksBuildPhase;
			buildActionMask = 2147483647;
			files = (
			);
			runOnlyForDeploymentPostprocessing = 0;
		};
/* End PBXFrameworksBuildPhase section */

/* Begin PBXGroup section */
		4122CD52225B255100215058 = {
			isa = PBXGroup;
			children = (
				4122CD5D225B255100215058 /* GitRepo */,
				4122CD72225B255400215058 /* GitRepoTests */,
				4122CD5C225B255100215058 /* Products */,
			);
			sourceTree = "<group>";
		};
		4122CD5C225B255100215058 /* Products */ = {
			isa = PBXGroup;
			children = (
				4122CD5B225B255100215058 /* GitRepo.app */,
				4122CD6F225B255400215058 /* GitRepoTests.xctest */,
			);
			name = Products;
			sourceTree = "<group>";
		};
		4122CD5D225B255100215058 /* GitRepo */ = {
			isa = PBXGroup;
			children = (
				4122CD5E225B255100215058 /* AppDelegate.swift */,
				4122CD60225B255100215058 /* ViewController.swift */,
				4122CD62225B255100215058 /* Main.storyboard */,
				4122CD65225B255400215058 /* Assets.xcassets */,
				4122CD67225B255400215058 /* LaunchScreen.storyboard */,
				4122CD6A225B255400215058 /* Info.plist */,
				4122CD7E225B280100215058 /* MapForItinerary.swift */,
			);
			path = GitRepo;
			sourceTree = "<group>";
		};
		4122CD72225B255400215058 /* GitRepoTests */ = {
			isa = PBXGroup;
			children = (
				4122CD73225B255400215058 /* GitRepoTests.swift */,
				4122CD75225B255400215058 /* Info.plist */,
			);
			path = GitRepoTests;
			sourceTree = "<group>";
		};
/* End PBXGroup section */

/* Begin PBXNativeTarget section */
		4122CD5A225B255100215058 /* GitRepo */ = {
			isa = PBXNativeTarget;
			buildConfigurationList = 4122CD78225B255400215058 /* Build configuration list for PBXNativeTarget "GitRepo" */;
			buildPhases = (
				4122CD57225B255100215058 /* Sources */,
				4122CD58225B255100215058 /* Frameworks */,
				4122CD59225B255100215058 /* Resources */,
			);
			buildRules = (
			);
			dependencies = (
			);
			name = GitRepo;
			productName = GitRepo;
			productReference = 4122CD5B225B255100215058 /* GitRepo.app */;
			productType = "com.apple.product-type.application";
		};
		4122CD6E225B255400215058 /* GitRepoTests */ = {
			isa = PBXNativeTarget;
			buildConfigurationList = 4122CD7B225B255400215058 /* Build configuration list for PBXNativeTarget "GitRepoTests" */;
			buildPhases = (
				4122CD6B225B255400215058 /* Sources */,
				4122CD6C225B255400215058 /* Frameworks */,
				4122CD6D225B255400215058 /* Resources */,
			);
			buildRules = (
			);
			dependencies = (
				4122CD71225B255400215058 /* PBXTargetDependency */,
			);
			name = GitRepoTests;
			productName = GitRepoTests;
			productReference = 4122CD6F225B255400215058 /* GitRepoTests.xctest */;
			productType = "com.apple.product-type.bundle.unit-test";
		};
/* End PBXNativeTarget section */

/* Begin PBXProject section */
		4122CD53225B255100215058 /* Project object */ = {
			isa = PBXProject;
			attributes = {
				LastSwiftUpdateCheck = 1010;
				LastUpgradeCheck = 1010;
				ORGANIZATIONNAME = "Monish M S";
				TargetAttributes = {
					4122CD5A225B255100215058 = {
						CreatedOnToolsVersion = 10.1;
					};
					4122CD6E225B255400215058 = {
						CreatedOnToolsVersion = 10.1;
						TestTargetID = 4122CD5A225B255100215058;
					};
				};
			};
			buildConfigurationList = 4122CD56225B255100215058 /* Build configuration list for PBXProject "GitRepo" */;
			compatibilityVersion = "Xcode 9.3";
			developmentRegion = en;
			hasScannedForEncodings = 0;
			knownRegions = (
				en,
				Base,
			);
			mainGroup = 4122CD52225B255100215058;
			productRefGroup = 4122CD5C225B255100215058 /* Products */;
			projectDirPath = "";
			projectRoot = "";
			targets = (
				4122CD5A225B255100215058 /* GitRepo */,
				4122CD6E225B255400215058 /* GitRepoTests */,
			);
		};
/* End PBXProject section */

/* Begin PBXResourcesBuildPhase section */
		4122CD59225B255100215058 /* Resources */ = {
			isa = PBXResourcesBuildPhase;
			buildActionMask = 2147483647;
			files = (
				4122CD69225B255400215058 /* LaunchScreen.storyboard in Resources */,
				4122CD66225B255400215058 /* Assets.xcassets in Resources */,
				4122CD64225B255100215058 /* Main.storyboard in Resources */,
			);
			runOnlyForDeploymentPostprocessing = 0;
		};
		4122CD6D225B255400215058 /* Resources */ = {
			isa = PBXResourcesBuildPhase;
			buildActionMask = 2147483647;
			files = (
			);
			runOnlyForDeploymentPostprocessing = 0;
		};
/* End PBXResourcesBuildPhase section */

/* Begin PBXSourcesBuildPhase section */
		4122CD57225B255100215058 /* Sources */ = {
			isa = PBXSourcesBuildPhase;
			buildActionMask = 2147483647;
			files = (
				4122CD61225B255100215058 /* ViewController.swift in Sources */,
				4122CD5F225B255100215058 /* AppDelegate.swift in Sources */,
				4122CD7F225B280100215058 /* MapForItinerary.swift in Sources */,
			);
			runOnlyForDeploymentPostprocessing = 0;
		};
		4122CD6B225B255400215058 /* Sources */ = {
			isa = PBXSourcesBuildPhase;
			buildActionMask = 2147483647;
			files = (
				4122CD74225B255400215058 /* GitRepoTests.swift in Sources */,
			);
			runOnlyForDeploymentPostprocessing = 0;
		};
/* End PBXSourcesBuildPhase section */

/* Begin PBXTargetDependency section */
		4122CD71225B255400215058 /* PBXTargetDependency */ = {
			isa = PBXTargetDependency;
			target = 4122CD5A225B255100215058 /* GitRepo */;
			targetProxy = 4122CD70225B255400215058 /* PBXContainerItemProxy */;
		};
/* End PBXTargetDependency section */

/* Begin PBXVariantGroup section */
		4122CD62225B255100215058 /* Main.storyboard */ = {
			isa = PBXVariantGroup;
			children = (
				4122CD63225B255100215058 /* Base */,
			);
			name = Main.storyboard;
			sourceTree = "<group>";
		};
		4122CD67225B255400215058 /* LaunchScreen.storyboard */ = {
			isa = PBXVariantGroup;
			children = (
				4122CD68225B255400215058 /* Base */,
			);
			name = LaunchScreen.storyboard;
			sourceTree = "<group>";
		};
/* End PBXVariantGroup section */

/* Begin XCBuildConfiguration section */
		4122CD76225B255400215058 /* Debug */ = {
			isa = XCBuildConfiguration;
			buildSettings = {
				ALWAYS_SEARCH_USER_PATHS = NO;
				CLANG_ANALYZER_NONNULL = YES;
				CLANG_ANALYZER_NUMBER_OBJECT_CONVERSION = YES_AGGRESSIVE;
				CLANG_CXX_LANGUAGE_STANDARD = "gnu++14";
				CLANG_CXX_LIBRARY = "libc++";
				CLANG_ENABLE_MODULES = YES;
				CLANG_ENABLE_OBJC_ARC = YES;
				CLANG_ENABLE_OBJC_WEAK = YES;
				CLANG_WARN_BLOCK_CAPTURE_AUTORELEASING = YES;
				CLANG_WARN_BOOL_CONVERSION = YES;
				CLANG_WARN_COMMA = YES;
				CLANG_WARN_CONSTANT_CONVERSION = YES;
				CLANG_WARN_DEPRECATED_OBJC_IMPLEMENTATIONS = YES;
				CLANG_WARN_DIRECT_OBJC_ISA_USAGE = YES_ERROR;
				CLANG_WARN_DOCUMENTATION_COMMENTS = YES;
				CLANG_WARN_EMPTY_BODY = YES;
				CLANG_WARN_ENUM_CONVERSION = YES;
				CLANG_WARN_INFINITE_RECURSION = YES;
				CLANG_WARN_INT_CONVERSION = YES;
				CLANG_WARN_NON_LITERAL_NULL_CONVERSION = YES;
				CLANG_WARN_OBJC_IMPLICIT_RETAIN_SELF = YES;
				CLANG_WARN_OBJC_LITERAL_CONVERSION = YES;
				CLANG_WARN_OBJC_ROOT_CLASS = YES_ERROR;
				CLANG_WARN_RANGE_LOOP_ANALYSIS = YES;
				CLANG_WARN_STRICT_PROTOTYPES = YES;
				CLANG_WARN_SUSPICIOUS_MOVE = YES;
				CLANG_WARN_UNGUARDED_AVAILABILITY = YES_AGGRESSIVE;
				CLANG_WARN_UNREACHABLE_CODE = YES;
				CLANG_WARN__DUPLICATE_METHOD_MATCH = YES;
				CODE_SIGN_IDENTITY = "iPhone Developer";
				COPY_PHASE_STRIP = NO;
				DEBUG_INFORMATION_FORMAT = dwarf;
				ENABLE_STRICT_OBJC_MSGSEND = YES;
				ENABLE_TESTABILITY = YES;
				GCC_C_LANGUAGE_STANDARD = gnu11;
				GCC_DYNAMIC_NO_PIC = NO;
				GCC_NO_COMMON_BLOCKS = YES;
				GCC_OPTIMIZATION_LEVEL = 0;
				GCC_PREPROCESSOR_DEFINITIONS = (
					"DEBUG=1",
					"$(inherited)",
				);
				GCC_WARN_64_TO_32_BIT_CONVERSION = YES;
				GCC_WARN_ABOUT_RETURN_TYPE = YES_ERROR;
				GCC_WARN_UNDECLARED_SELECTOR = YES;
				GCC_WARN_UNINITIALIZED_AUTOS = YES_AGGRESSIVE;
				GCC_WARN_UNUSED_FUNCTION = YES;
				GCC_WARN_UNUSED_VARIABLE = YES;
				IPHONEOS_DEPLOYMENT_TARGET = 12.1;
				MTL_ENABLE_DEBUG_INFO = INCLUDE_SOURCE;
				MTL_FAST_MATH = YES;
				ONLY_ACTIVE_ARCH = YES;
				SDKROOT = iphoneos;
				SWIFT_ACTIVE_COMPILATION_CONDITIONS = DEBUG;
				SWIFT_OPTIMIZATION_LEVEL = "-Onone";
			};
			name = Debug;
		};
		4122CD77225B255400215058 /* Release */ = {
			isa = XCBuildConfiguration;
			buildSettings = {
				ALWAYS_SEARCH_USER_PATHS = NO;
				CLANG_ANALYZER_NONNULL = YES;
				CLANG_ANALYZER_NUMBER_OBJECT_CONVERSION = YES_AGGRESSIVE;
				CLANG_CXX_LANGUAGE_STANDARD = "gnu++14";
				CLANG_CXX_LIBRARY = "libc++";
				CLANG_ENABLE_MODULES = YES;
				CLANG_ENABLE_OBJC_ARC = YES;
				CLANG_ENABLE_OBJC_WEAK = YES;
				CLANG_WARN_BLOCK_CAPTURE_AUTORELEASING = YES;
				CLANG_WARN_BOOL_CONVERSION = YES;
				CLANG_WARN_COMMA = YES;
				CLANG_WARN_CONSTANT_CONVERSION = YES;
				CLANG_WARN_DEPRECATED_OBJC_IMPLEMENTATIONS = YES;
				CLANG_WARN_DIRECT_OBJC_ISA_USAGE = YES_ERROR;
				CLANG_WARN_DOCUMENTATION_COMMENTS = YES;
				CLANG_WARN_EMPTY_BODY = YES;
				CLANG_WARN_ENUM_CONVERSION = YES;
				CLANG_WARN_INFINITE_RECURSION = YES;
				CLANG_WARN_INT_CONVERSION = YES;
				CLANG_WARN_NON_LITERAL_NULL_CONVERSION = YES;
				CLANG_WARN_OBJC_IMPLICIT_RETAIN_SELF = YES;
				CLANG_WARN_OBJC_LITERAL_CONVERSION = YES;
				CLANG_WARN_OBJC_ROOT_CLASS = YES_ERROR;
				CLANG_WARN_RANGE_LOOP_ANALYSIS = YES;
				CLANG_WARN_STRICT_PROTOTYPES = YES;
				CLANG_WARN_SUSPICIOUS_MOVE = YES;
				CLANG_WARN_UNGUARDED_AVAILABILITY = YES_AGGRESSIVE;
				CLANG_WARN_UNREACHABLE_CODE = YES;
				CLANG_WARN__DUPLICATE_METHOD_MATCH = YES;
				CODE_SIGN_IDENTITY = "iPhone Developer";
				COPY_PHASE_STRIP = NO;
				DEBUG_INFORMATION_FORMAT = "dwarf-with-dsym";
				ENABLE_NS_ASSERTIONS = NO;
				ENABLE_STRICT_OBJC_MSGSEND = YES;
				GCC_C_LANGUAGE_STANDARD = gnu11;
				GCC_NO_COMMON_BLOCKS = YES;
				GCC_WARN_64_TO_32_BIT_CONVERSION = YES;
				GCC_WARN_ABOUT_RETURN_TYPE = YES_ERROR;
				GCC_WARN_UNDECLARED_SELECTOR = YES;
				GCC_WARN_UNINITIALIZED_AUTOS = YES_AGGRESSIVE;
				GCC_WARN_UNUSED_FUNCTION = YES;
				GCC_WARN_UNUSED_VARIABLE = YES;
				IPHONEOS_DEPLOYMENT_TARGET = 12.1;
				MTL_ENABLE_DEBUG_INFO = NO;
				MTL_FAST_MATH = YES;
				SDKROOT = iphoneos;
				SWIFT_COMPILATION_MODE = wholemodule;
				SWIFT_OPTIMIZATION_LEVEL = "-O";
				VALIDATE_PRODUCT = YES;
			};
			name = Release;
		};
		4122CD79225B255400215058 /* Debug */ = {
			isa = XCBuildConfiguration;
			buildSettings = {
				ASSETCATALOG_COMPILER_APPICON_NAME = AppIcon;
				CODE_SIGN_STYLE = Automatic;
				DEVELOPMENT_TEAM = XLPSEH973Z;
				INFOPLIST_FILE = GitRepo/Info.plist;
				LD_RUNPATH_SEARCH_PATHS = (
					"$(inherited)",
					"@executable_path/Frameworks",
				);
				PRODUCT_BUNDLE_IDENTIFIER = com.ios.GitRepo;
				PRODUCT_NAME = "$(TARGET_NAME)";
				SWIFT_VERSION = 4.2;
				TARGETED_DEVICE_FAMILY = "1,2";
			};
			name = Debug;
		};
		4122CD7A225B255400215058 /* Release */ = {
			isa = XCBuildConfiguration;
			buildSettings = {
				ASSETCATALOG_COMPILER_APPICON_NAME = AppIcon;
				CODE_SIGN_STYLE = Automatic;
				DEVELOPMENT_TEAM = XLPSEH973Z;
				INFOPLIST_FILE = GitRepo/Info.plist;
				LD_RUNPATH_SEARCH_PATHS = (
					"$(inherited)",
					"@executable_path/Frameworks",
				);
				PRODUCT_BUNDLE_IDENTIFIER = com.ios.GitRepo;
				PRODUCT_NAME = "$(TARGET_NAME)";
				SWIFT_VERSION = 4.2;
				TARGETED_DEVICE_FAMILY = "1,2";
			};
			name = Release;
		};
		4122CD7C225B255400215058 /* Debug */ = {
			isa = XCBuildConfiguration;
			buildSettings = {
				ALWAYS_EMBED_SWIFT_STANDARD_LIBRARIES = YES;
				BUNDLE_LOADER = "$(TEST_HOST)";
				CODE_SIGN_STYLE = Automatic;
				DEVELOPMENT_TEAM = XLPSEH973Z;
				INFOPLIST_FILE = GitRepoTests/Info.plist;
				LD_RUNPATH_SEARCH_PATHS = (
					"$(inherited)",
					"@executable_path/Frameworks",
					"@loader_path/Frameworks",
				);
				PRODUCT_BUNDLE_IDENTIFIER = com.ios.GitRepoTests;
				PRODUCT_NAME = "$(TARGET_NAME)";
				SWIFT_VERSION = 4.2;
				TARGETED_DEVICE_FAMILY = "1,2";
				TEST_HOST = "$(BUILT_PRODUCTS_DIR)/GitRepo.app/GitRepo";
			};
			name = Debug;
		};
		4122CD7D225B255400215058 /* Release */ = {
			isa = XCBuildConfiguration;
			buildSettings = {
				ALWAYS_EMBED_SWIFT_STANDARD_LIBRARIES = YES;
				BUNDLE_LOADER = "$(TEST_HOST)";
				CODE_SIGN_STYLE = Automatic;
				DEVELOPMENT_TEAM = XLPSEH973Z;
				INFOPLIST_FILE = GitRepoTests/Info.plist;
				LD_RUNPATH_SEARCH_PATHS = (
					"$(inherited)",
					"@executable_path/Frameworks",
					"@loader_path/Frameworks",
				);
				PRODUCT_BUNDLE_IDENTIFIER = com.ios.GitRepoTests;
				PRODUCT_NAME = "$(TARGET_NAME)";
				SWIFT_VERSION = 4.2;
				TARGETED_DEVICE_FAMILY = "1,2";
				TEST_HOST = "$(BUILT_PRODUCTS_DIR)/GitRepo.app/GitRepo";
			};
			name = Release;
		};
/* End XCBuildConfiguration section */

/* Begin XCConfigurationList section */
		4122CD56225B255100215058 /* Build configuration list for PBXProject "GitRepo" */ = {
			isa = XCConfigurationList;
			buildConfigurations = (
				4122CD76225B255400215058 /* Debug */,
				4122CD77225B255400215058 /* Release */,
			);
			defaultConfigurationIsVisible = 0;
			defaultConfigurationName = Release;
		};
		4122CD78225B255400215058 /* Build configuration list for PBXNativeTarget "GitRepo" */ = {
			isa = XCConfigurationList;
			buildConfigurations = (
				4122CD79225B255400215058 /* Debug */,
				4122CD7A225B255400215058 /* Release */,
			);
			defaultConfigurationIsVisible = 0;
			defaultConfigurationName = Release;
		};
		4122CD7B225B255400215058 /* Build configuration list for PBXNativeTarget "GitRepoTests" */ = {
			isa = XCConfigurationList;
			buildConfigurations = (
				4122CD7C225B255400215058 /* Debug */,
				4122CD7D225B255400215058 /* Release */,
			);
			defaultConfigurationIsVisible = 0;
			defaultConfigurationName = Release;
		};
/* End XCConfigurationList section */
	};
	rootObject = 4122CD53225B255100215058 /* Project object */;
}
